
Microsoft Visual Studio Solution File, Format Version 12.00
# Visual Studio Version 17
VisualStudioVersion = 17.10.35013.160
MinimumVisualStudioVersion = 10.0.40219.1
Project("{FAE04EC0-301F-11D3-BF4B-00C04F79EFBC}") = "mlnet_image_classification", "mlnet_image_classification.csproj", "{71403823-85C6-4226-AC95-E9C46C9683F1}"
EndProject
Global
	GlobalSection(SolutionConfigurationPlatforms) = preSolution
		Debug|Any CPU = Debug|Any CPU
		Release|Any CPU = Release|Any CPU
	EndGlobalSection
	GlobalSection(ProjectConfigurationPlatforms) = postSolution
		{71403823-85C6-4226-AC95-E9C46C9683F1}.Debug|Any CPU.ActiveCfg = Debug|Any CPU
		{71403823-85C6-4226-AC95-E9C46C9683F1}.Debug|Any CPU.Build.0 = Debug|Any CPU
		{71403823-85C6-4226-AC95-E9C46C9683F1}.Release|Any CPU.ActiveCfg = Release|Any CPU
		{71403823-85C6-4226-AC95-E9C46C9683F1}.Release|Any CPU.Build.0 = Release|Any CPU
	EndGlobalSection
	GlobalSection(SolutionProperties) = preSolution
		HideSolutionNode = FALSE
	EndGlobalSection
	GlobalSection(ExtensibilityGlobals) = postSolution
		SolutionGuid = {C96F05F2-7924-44AC-BE9D-FE4867B587D9}
	EndGlobalSection
EndGlobal
