
Microsoft Visual Studio Solution File, Format Version 12.00
# Visual Studio Version 17
VisualStudioVersion = 17.10.35013.160
MinimumVisualStudioVersion = 10.0.40219.1
Project("{FAE04EC0-301F-11D3-BF4B-00C04F79EFBC}") = "sk1", "sk1.csproj", "{5DB489D3-3D54-4793-BBB0-4577EF9EC9C5}"
EndProject
Global
	GlobalSection(SolutionConfigurationPlatforms) = preSolution
		Debug|Any CPU = Debug|Any CPU
		Release|Any CPU = Release|Any CPU
	EndGlobalSection
	GlobalSection(ProjectConfigurationPlatforms) = postSolution
		{5DB489D3-3D54-4793-BBB0-4577EF9EC9C5}.Debug|Any CPU.ActiveCfg = Debug|Any CPU
		{5DB489D3-3D54-4793-BBB0-4577EF9EC9C5}.Debug|Any CPU.Build.0 = Debug|Any CPU
		{5DB489D3-3D54-4793-BBB0-4577EF9EC9C5}.Release|Any CPU.ActiveCfg = Release|Any CPU
		{5DB489D3-3D54-4793-BBB0-4577EF9EC9C5}.Release|Any CPU.Build.0 = Release|Any CPU
	EndGlobalSection
	GlobalSection(SolutionProperties) = preSolution
		HideSolutionNode = FALSE
	EndGlobalSection
	GlobalSection(ExtensibilityGlobals) = postSolution
		SolutionGuid = {5CA148E5-F440-4F9C-B4C8-795911ABA65C}
	EndGlobalSection
EndGlobal
