
Microsoft Visual Studio Solution File, Format Version 12.00
# Visual Studio Version 17
VisualStudioVersion = 17.10.35013.160
MinimumVisualStudioVersion = 10.0.40219.1
Project("{FAE04EC0-301F-11D3-BF4B-00C04F79EFBC}") = "ollamasharp", "ollamasharp.csproj", "{DED36A60-B18A-4C8A-8B51-F8A8D122B244}"
EndProject
Global
	GlobalSection(SolutionConfigurationPlatforms) = preSolution
		Debug|Any CPU = Debug|Any CPU
		Release|Any CPU = Release|Any CPU
	EndGlobalSection
	GlobalSection(ProjectConfigurationPlatforms) = postSolution
		{DED36A60-B18A-4C8A-8B51-F8A8D122B244}.Debug|Any CPU.ActiveCfg = Debug|Any CPU
		{DED36A60-B18A-4C8A-8B51-F8A8D122B244}.Debug|Any CPU.Build.0 = Debug|Any CPU
		{DED36A60-B18A-4C8A-8B51-F8A8D122B244}.Release|Any CPU.ActiveCfg = Release|Any CPU
		{DED36A60-B18A-4C8A-8B51-F8A8D122B244}.Release|Any CPU.Build.0 = Release|Any CPU
	EndGlobalSection
	GlobalSection(SolutionProperties) = preSolution
		HideSolutionNode = FALSE
	EndGlobalSection
	GlobalSection(ExtensibilityGlobals) = postSolution
		SolutionGuid = {8357CF02-5695-4198-8300-3460C1D34C1F}
	EndGlobalSection
EndGlobal
