
Microsoft Visual Studio Solution File, Format Version 12.00
# Visual Studio Version 17
VisualStudioVersion = 17.10.35013.160
MinimumVisualStudioVersion = 10.0.40219.1
Project("{FAE04EC0-301F-11D3-BF4B-00C04F79EFBC}") = "tf_image_classification", "tf_image_classification.csproj", "{FFC2F0D2-6B6B-40F4-84C2-7FBF9101CFB0}"
EndProject
Global
	GlobalSection(SolutionConfigurationPlatforms) = preSolution
		Debug|Any CPU = Debug|Any CPU
		Release|Any CPU = Release|Any CPU
	EndGlobalSection
	GlobalSection(ProjectConfigurationPlatforms) = postSolution
		{FFC2F0D2-6B6B-40F4-84C2-7FBF9101CFB0}.Debug|Any CPU.ActiveCfg = Debug|Any CPU
		{FFC2F0D2-6B6B-40F4-84C2-7FBF9101CFB0}.Debug|Any CPU.Build.0 = Debug|Any CPU
		{FFC2F0D2-6B6B-40F4-84C2-7FBF9101CFB0}.Release|Any CPU.ActiveCfg = Release|Any CPU
		{FFC2F0D2-6B6B-40F4-84C2-7FBF9101CFB0}.Release|Any CPU.Build.0 = Release|Any CPU
	EndGlobalSection
	GlobalSection(SolutionProperties) = preSolution
		HideSolutionNode = FALSE
	EndGlobalSection
	GlobalSection(ExtensibilityGlobals) = postSolution
		SolutionGuid = {6A075F65-0688-4AF3-8652-4CF1F6691D50}
	EndGlobalSection
EndGlobal
